
Microsoft Visual Studio Solution File, Format Version 12.00
# Visual Studio Version 17
VisualStudioVersion = 17.3.32922.545
MinimumVisualStudioVersion = 10.0.40219.1
Project("{888888A0-9F3D-457C-B088-3A5042F75D52}") = "Fibonacci", "Fibonacci.pyproj", "{983B0B52-4408-4651-89EE-F4C2DDB625D6}"
EndProject
Global
	GlobalSection(SolutionConfigurationPlatforms) = preSolution
		Debug|Any CPU = Debug|Any CPU
		Release|Any CPU = Release|Any CPU
	EndGlobalSection
	GlobalSection(ProjectConfigurationPlatforms) = postSolution
		{983B0B52-4408-4651-89EE-F4C2DDB625D6}.Debug|Any CPU.ActiveCfg = Debug|Any CPU
		{983B0B52-4408-4651-89EE-F4C2DDB625D6}.Release|Any CPU.ActiveCfg = Release|Any CPU
	EndGlobalSection
	GlobalSection(SolutionProperties) = preSolution
		HideSolutionNode = FALSE
	EndGlobalSection
	GlobalSection(ExtensibilityGlobals) = postSolution
		SolutionGuid = {197FDDEF-E66D-4253-9E1B-402599749E9F}
	EndGlobalSection
EndGlobal
